PODS:
  - Expecta (0.3.2)
  - Expecta+Snapshots (1.3.1):
    - Expecta
    - FBSnapshotTestCase
  - FastttCamera/Default (0.3.1)
  - FastttCamera/Filters (0.3.1):
    - FastttCamera/Default
    - GPUImage (~> 0.1.0)
  - FBSnapshotTestCase (2.0.3):
    - FBSnapshotTestCase/SwiftSupport
  - FBSnapshotTestCase/Core (2.0.3)
  - FBSnapshotTestCase/SwiftSupport (2.0.3):
    - FBSnapshotTestCase/Core
  - GPUImage (0.1.7)
  - Masonry (0.6.1)
  - OCMock (3.1.2)
  - Specta (0.4.0)

DEPENDENCIES:
  - Expecta
  - Expecta+Snapshots
  - FastttCamera/Filters (from `../FastttCamera.podspec`)
  - Masonry (= 0.6.1)
  - OCMock
  - Specta

EXTERNAL SOURCES:
  FastttCamera:
    :path: ../FastttCamera.podspec

SPEC CHECKSUMS:
  Expecta: 8c507baf13211207b1e9d0a741480600e6b4ed15
  Expecta+Snapshots: 4a0b46d3ba755bd43dffa7d53e4585fc6cbfe8cd
  FastttCamera: 4251a15ea5e7e3d3f70a804c872a281bc9bf55bc
  FBSnapshotTestCase: d0eeca6bf87958e088b254396ae66873f971cfb1
  GPUImage: 733a5f0fab92df9de1c37ba9df520a833ccb406d
  Masonry: 4972309f2f134de9dd312f4dc4a21359b50e6caa
  OCMock: a10ea9f0a6e921651f96f78b6faee95ebc813b92
  Specta: a353759f073ffcc0a365b782fe4aaeac064c03c6

COCOAPODS: 0.34.2
